// !$*UTF8*$!
{
	archiveVersion = 1;
	classes = {
	};
	objectVersion = 56;
	objects = {

/* Begin PBXBuildFile section */
		8869C3ACCE6051A6A219E54A /* AppIntents.swift in Sources */ = {isa = PBXBuildFile; fileRef = 2D60A0DD49777428230A17B7 /* AppIntents.swift */; };
		F7F86B56703917A18E2B39FD /* Components.swift in Sources */ = {isa = PBXBuildFile; fileRef = AF9B2CE7A3F7B406EF8BA7BC /* Components.swift */; };
		7AC9858E757CFE8B3941E16D /* GameData.swift in Sources */ = {isa = PBXBuildFile; fileRef = 77057E06C2C7554533C4EC80 /* GameData.swift */; };
		F8A27F8CB28B85952DA93403 /* GameStore.swift in Sources */ = {isa = PBXBuildFile; fileRef = A0AC555F132B79556FEBC404 /* GameStore.swift */; };
		1D6F523B60DA805149D7B3B5 /* Haptics.swift in Sources */ = {isa = PBXBuildFile; fileRef = 441BF1F4AA9371444B302FE2 /* Haptics.swift */; };
		FD9A496BF4202217636E9D43 /* MissionsView.swift in Sources */ = {isa = PBXBuildFile; fileRef = ABB45745BCE5CFE02FEE753B /* MissionsView.swift */; };
		C28E3B592A560C32484F497E /* Models.swift in Sources */ = {isa = PBXBuildFile; fileRef = 1B0C8FAFE1B09544C5912233 /* Models.swift */; };
		5F3880F3519C314E6DCE4D12 /* NotificationService.swift in Sources */ = {isa = PBXBuildFile; fileRef = E5C31F56F891A0B52C449975 /* NotificationService.swift */; };
		F4BB8707CD01200F70CE35E2 /* PersistenceService.swift in Sources */ = {isa = PBXBuildFile; fileRef = 17A9CA5880A4A1E43791DD5C /* PersistenceService.swift */; };
		62B41473152F379BDDBEE70E /* PlayView.swift in Sources */ = {isa = PBXBuildFile; fileRef = D54651A822550BE311BF6503 /* PlayView.swift */; };
		4264D74FD1634DCC28B0149E /* ProfileView.swift in Sources */ = {isa = PBXBuildFile; fileRef = 066AC52A89CD2D6871F41CBE /* ProfileView.swift */; };
		E9BA0EC55FA51308ABAD8051 /* RewardSheets.swift in Sources */ = {isa = PBXBuildFile; fileRef = 7BD3B49B99F1EC9EB44B649D /* RewardSheets.swift */; };
		0F2CA978F4C4C77E6E5986D9 /* SocialView.swift in Sources */ = {isa = PBXBuildFile; fileRef = F2C7861975BDEC6E5490BE56 /* SocialView.swift */; };
		5052A4690CAE508B69DACEEE /* TapVerseApp.swift in Sources */ = {isa = PBXBuildFile; fileRef = 443B7DA59B493041D6FE8E49 /* TapVerseApp.swift */; };
		037CA1E3075F3F6A974CCC40 /* UpgradesView.swift in Sources */ = {isa = PBXBuildFile; fileRef = 71D78B75BF135DAB0D32F6FE /* UpgradesView.swift */; };
/* End PBXBuildFile section */

/* Begin PBXFileReference section */
		2D60A0DD49777428230A17B7 /* AppIntents.swift */ = {isa = PBXFileReference; lastKnownFileType = sourcecode.swift; path = AppIntents.swift; sourceTree = "<group>"; };
		AF9B2CE7A3F7B406EF8BA7BC /* Components.swift */ = {isa = PBXFileReference; lastKnownFileType = sourcecode.swift; path = Components.swift; sourceTree = "<group>"; };
		77057E06C2C7554533C4EC80 /* GameData.swift */ = {isa = PBXFileReference; lastKnownFileType = sourcecode.swift; path = GameData.swift; sourceTree = "<group>"; };
		A0AC555F132B79556FEBC404 /* GameStore.swift */ = {isa = PBXFileReference; lastKnownFileType = sourcecode.swift; path = GameStore.swift; sourceTree = "<group>"; };
		441BF1F4AA9371444B302FE2 /* Haptics.swift */ = {isa = PBXFileReference; lastKnownFileType = sourcecode.swift; path = Haptics.swift; sourceTree = "<group>"; };
		ABB45745BCE5CFE02FEE753B /* MissionsView.swift */ = {isa = PBXFileReference; lastKnownFileType = sourcecode.swift; path = MissionsView.swift; sourceTree = "<group>"; };
		1B0C8FAFE1B09544C5912233 /* Models.swift */ = {isa = PBXFileReference; lastKnownFileType = sourcecode.swift; path = Models.swift; sourceTree = "<group>"; };
		E5C31F56F891A0B52C449975 /* NotificationService.swift */ = {isa = PBXFileReference; lastKnownFileType = sourcecode.swift; path = NotificationService.swift; sourceTree = "<group>"; };
		17A9CA5880A4A1E43791DD5C /* PersistenceService.swift */ = {isa = PBXFileReference; lastKnownFileType = sourcecode.swift; path = PersistenceService.swift; sourceTree = "<group>"; };
		D54651A822550BE311BF6503 /* PlayView.swift */ = {isa = PBXFileReference; lastKnownFileType = sourcecode.swift; path = PlayView.swift; sourceTree = "<group>"; };
		066AC52A89CD2D6871F41CBE /* ProfileView.swift */ = {isa = PBXFileReference; lastKnownFileType = sourcecode.swift; path = ProfileView.swift; sourceTree = "<group>"; };
		7BD3B49B99F1EC9EB44B649D /* RewardSheets.swift */ = {isa = PBXFileReference; lastKnownFileType = sourcecode.swift; path = RewardSheets.swift; sourceTree = "<group>"; };
		F2C7861975BDEC6E5490BE56 /* SocialView.swift */ = {isa = PBXFileReference; lastKnownFileType = sourcecode.swift; path = SocialView.swift; sourceTree = "<group>"; };
		443B7DA59B493041D6FE8E49 /* TapVerseApp.swift */ = {isa = PBXFileReference; lastKnownFileType = sourcecode.swift; path = TapVerseApp.swift; sourceTree = "<group>"; };
		71D78B75BF135DAB0D32F6FE /* UpgradesView.swift */ = {isa = PBXFileReference; lastKnownFileType = sourcecode.swift; path = UpgradesView.swift; sourceTree = "<group>"; };
		C5BA2F1BDDF9000888BF07C4 /* TapVerse.app */ = {isa = PBXFileReference; explicitFileType = wrapper.application; includeInIndex = 0; path = TapVerse.app; sourceTree = BUILT_PRODUCTS_DIR; };
/* End PBXFileReference section */

/* Begin PBXFrameworksBuildPhase section */
		7561BFB015D8F536760CB671 /* Frameworks */ = {
			isa = PBXFrameworksBuildPhase;
			buildActionMask = 2147483647;
			files = (
			);
			runOnlyForDeploymentPostprocessing = 0;
		};
/* End PBXFrameworksBuildPhase section */

/* Begin PBXGroup section */
		325F10A6957A34D66CB8C0E4 = {
			isa = PBXGroup;
			children = (
				3A2A88DEEFF3D1D23E496597 /* TapVerse */,
				BFE00B156DCFC34C4751A6E5 /* Products */,
			);
			sourceTree = "<group>";
		};
		3A2A88DEEFF3D1D23E496597 /* TapVerse */ = {
			isa = PBXGroup;
			children = (
				2D60A0DD49777428230A17B7 /* AppIntents.swift */,
				AF9B2CE7A3F7B406EF8BA7BC /* Components.swift */,
				77057E06C2C7554533C4EC80 /* GameData.swift */,
				A0AC555F132B79556FEBC404 /* GameStore.swift */,
				441BF1F4AA9371444B302FE2 /* Haptics.swift */,
				ABB45745BCE5CFE02FEE753B /* MissionsView.swift */,
				1B0C8FAFE1B09544C5912233 /* Models.swift */,
				E5C31F56F891A0B52C449975 /* NotificationService.swift */,
				17A9CA5880A4A1E43791DD5C /* PersistenceService.swift */,
				D54651A822550BE311BF6503 /* PlayView.swift */,
				066AC52A89CD2D6871F41CBE /* ProfileView.swift */,
				7BD3B49B99F1EC9EB44B649D /* RewardSheets.swift */,
				F2C7861975BDEC6E5490BE56 /* SocialView.swift */,
				443B7DA59B493041D6FE8E49 /* TapVerseApp.swift */,
				71D78B75BF135DAB0D32F6FE /* UpgradesView.swift */,
			);
			path = TapVerse;
			sourceTree = "<group>";
		};
		BFE00B156DCFC34C4751A6E5 /* Products */ = {
			isa = PBXGroup;
			children = (
				C5BA2F1BDDF9000888BF07C4 /* TapVerse.app */,
			);
			name = Products;
			sourceTree = "<group>";
		};
/* End PBXGroup section */

/* Begin PBXNativeTarget section */
		0E8A3AD980EC179856012B7E /* TapVerse */ = {
			isa = PBXNativeTarget;
			buildConfigurationList = DBC1F132A3B6D94B1DF33607 /* Build configuration list for PBXNativeTarget "TapVerse" */;
			buildPhases = (
				BCE16DD0260827ECF338C787 /* Sources */,
				7561BFB015D8F536760CB671 /* Frameworks */,
				0189424A5A60FED329FA868E /* Resources */,
			);
			buildRules = (
			);
			dependencies = (
			);
			name = TapVerse;
			productName = TapVerse;
			productReference = C5BA2F1BDDF9000888BF07C4 /* TapVerse.app */;
			productType = "com.apple.product-type.application";
		};
/* End PBXNativeTarget section */

/* Begin PBXProject section */
		98F54143AB4E86B28C3AFEE0 /* Project object */ = {
			isa = PBXProject;
			attributes = {
				BuildIndependentTargetsInParallel = 1;
				LastSwiftUpdateCheck = 1600;
				LastUpgradeCheck = 1600;
				TargetAttributes = {
					0E8A3AD980EC179856012B7E = {
						CreatedOnToolsVersion = 16.0;
					};
				};
			};
			buildConfigurationList = B71CECF99D32F8E811761269 /* Build configuration list for PBXProject "TapVerse" */;
			compatibilityVersion = "Xcode 14.0";
			developmentRegion = en;
			hasScannedForEncodings = 0;
			knownRegions = (
				en,
				Base,
				ru,
			);
			mainGroup = 325F10A6957A34D66CB8C0E4;
			productRefGroup = BFE00B156DCFC34C4751A6E5 /* Products */;
			projectDirPath = "";
			projectRoot = "";
			targets = (
				0E8A3AD980EC179856012B7E /* TapVerse */,
			);
		};
/* End PBXProject section */

/* Begin PBXResourcesBuildPhase section */
		0189424A5A60FED329FA868E /* Resources */ = {
			isa = PBXResourcesBuildPhase;
			buildActionMask = 2147483647;
			files = (
			);
			runOnlyForDeploymentPostprocessing = 0;
		};
/* End PBXResourcesBuildPhase section */

/* Begin PBXSourcesBuildPhase section */
		BCE16DD0260827ECF338C787 /* Sources */ = {
			isa = PBXSourcesBuildPhase;
			buildActionMask = 2147483647;
			files = (
				8869C3ACCE6051A6A219E54A /* AppIntents.swift in Sources */,
				F7F86B56703917A18E2B39FD /* Components.swift in Sources */,
				7AC9858E757CFE8B3941E16D /* GameData.swift in Sources */,
				F8A27F8CB28B85952DA93403 /* GameStore.swift in Sources */,
				1D6F523B60DA805149D7B3B5 /* Haptics.swift in Sources */,
				FD9A496BF4202217636E9D43 /* MissionsView.swift in Sources */,
				C28E3B592A560C32484F497E /* Models.swift in Sources */,
				5F3880F3519C314E6DCE4D12 /* NotificationService.swift in Sources */,
				F4BB8707CD01200F70CE35E2 /* PersistenceService.swift in Sources */,
				62B41473152F379BDDBEE70E /* PlayView.swift in Sources */,
				4264D74FD1634DCC28B0149E /* ProfileView.swift in Sources */,
				E9BA0EC55FA51308ABAD8051 /* RewardSheets.swift in Sources */,
				0F2CA978F4C4C77E6E5986D9 /* SocialView.swift in Sources */,
				5052A4690CAE508B69DACEEE /* TapVerseApp.swift in Sources */,
				037CA1E3075F3F6A974CCC40 /* UpgradesView.swift in Sources */,
			);
			runOnlyForDeploymentPostprocessing = 0;
		};
/* End PBXSourcesBuildPhase section */

/* Begin XCBuildConfiguration section */
		CEC25DBC9F463CC1CC34CC84 /* Debug */ = {
			isa = XCBuildConfiguration;
			buildSettings = {
				ALWAYS_SEARCH_USER_PATHS = NO;
				CLANG_ANALYZER_NONNULL = YES;
				CLANG_CXX_LANGUAGE_STANDARD = "gnu++20";
				CLANG_ENABLE_MODULES = YES;
				CLANG_ENABLE_OBJC_ARC = YES;
				CLANG_WARN_BLOCK_CAPTURE_AUTORELEASING = YES;
				CLANG_WARN_BOOL_CONVERSION = YES;
				CLANG_WARN_COMMA = YES;
				CLANG_WARN_CONSTANT_CONVERSION = YES;
				CLANG_WARN_DEPRECATED_OBJC_IMPLEMENTATIONS = YES;
				CLANG_WARN_DIRECT_OBJC_ISA_USAGE = YES_ERROR;
				CLANG_WARN_DOCUMENTATION_COMMENTS = YES;
				CLANG_WARN_EMPTY_BODY = YES;
				CLANG_WARN_ENUM_CONVERSION = YES;
				CLANG_WARN_INFINITE_RECURSION = YES;
				CLANG_WARN_INT_CONVERSION = YES;
				CLANG_WARN_NON_LITERAL_NULL_CONVERSION = YES;
				CLANG_WARN_OBJC_IMPLICIT_RETAIN_SELF = YES;
				CLANG_WARN_OBJC_LITERAL_CONVERSION = YES;
				CLANG_WARN_OBJC_ROOT_CLASS = YES_ERROR;
				CLANG_WARN_QUOTED_INCLUDE_IN_FRAMEWORK_HEADER = YES;
				CLANG_WARN_RANGE_LOOP_ANALYSIS = YES;
				CLANG_WARN_STRICT_PROTOTYPES = YES;
				CLANG_WARN_SUSPICIOUS_MOVE = YES;
				CLANG_WARN_UNGUARDED_AVAILABILITY = YES_AGGRESSIVE;
				CLANG_WARN_UNREACHABLE_CODE = YES;
				CLANG_WARN__DUPLICATE_METHOD_MATCH = YES;
				COPY_PHASE_STRIP = NO;
				ENABLE_STRICT_OBJC_MSGSEND = YES;
				GCC_C_LANGUAGE_STANDARD = gnu17;
				GCC_NO_COMMON_BLOCKS = YES;
				GCC_WARN_64_TO_32_BIT_CONVERSION = YES;
				GCC_WARN_ABOUT_RETURN_TYPE = YES_ERROR;
				GCC_WARN_UNDECLARED_SELECTOR = YES;
				GCC_WARN_UNINITIALIZED_AUTOS = YES_AGGRESSIVE;
				GCC_WARN_UNUSED_FUNCTION = YES;
				GCC_WARN_UNUSED_VARIABLE = YES;
				IPHONEOS_DEPLOYMENT_TARGET = 17.0;
				LOCALIZATION_PREFERS_STRING_CATALOGS = YES;
				MTL_FAST_MATH = YES;
				SDKROOT = iphoneos;
				SWIFT_VERSION = 5.0;
				DEBUG_INFORMATION_FORMAT = dwarf;
				ENABLE_TESTABILITY = YES;
				GCC_OPTIMIZATION_LEVEL = 0;
				GCC_PREPROCESSOR_DEFINITIONS = (
					"DEBUG=1",
					"$(inherited)",
				);
				MTL_ENABLE_DEBUG_INFO = INCLUDE_SOURCE;
				ONLY_ACTIVE_ARCH = YES;
				SWIFT_ACTIVE_COMPILATION_CONDITIONS = "DEBUG $(inherited)";
				SWIFT_OPTIMIZATION_LEVEL = "-Onone";
			};
			name = Debug;
		};
		8456983ABBF079E76AB41CC8 /* Release */ = {
			isa = XCBuildConfiguration;
			buildSettings = {
				ALWAYS_SEARCH_USER_PATHS = NO;
				CLANG_ANALYZER_NONNULL = YES;
				CLANG_CXX_LANGUAGE_STANDARD = "gnu++20";
				CLANG_ENABLE_MODULES = YES;
				CLANG_ENABLE_OBJC_ARC = YES;
				CLANG_WARN_BLOCK_CAPTURE_AUTORELEASING = YES;
				CLANG_WARN_BOOL_CONVERSION = YES;
				CLANG_WARN_COMMA = YES;
				CLANG_WARN_CONSTANT_CONVERSION = YES;
				CLANG_WARN_DEPRECATED_OBJC_IMPLEMENTATIONS = YES;
				CLANG_WARN_DIRECT_OBJC_ISA_USAGE = YES_ERROR;
				CLANG_WARN_DOCUMENTATION_COMMENTS = YES;
				CLANG_WARN_EMPTY_BODY = YES;
				CLANG_WARN_ENUM_CONVERSION = YES;
				CLANG_WARN_INFINITE_RECURSION = YES;
				CLANG_WARN_INT_CONVERSION = YES;
				CLANG_WARN_NON_LITERAL_NULL_CONVERSION = YES;
				CLANG_WARN_OBJC_IMPLICIT_RETAIN_SELF = YES;
				CLANG_WARN_OBJC_LITERAL_CONVERSION = YES;
				CLANG_WARN_OBJC_ROOT_CLASS = YES_ERROR;
				CLANG_WARN_QUOTED_INCLUDE_IN_FRAMEWORK_HEADER = YES;
				CLANG_WARN_RANGE_LOOP_ANALYSIS = YES;
				CLANG_WARN_STRICT_PROTOTYPES = YES;
				CLANG_WARN_SUSPICIOUS_MOVE = YES;
				CLANG_WARN_UNGUARDED_AVAILABILITY = YES_AGGRESSIVE;
				CLANG_WARN_UNREACHABLE_CODE = YES;
				CLANG_WARN__DUPLICATE_METHOD_MATCH = YES;
				COPY_PHASE_STRIP = NO;
				ENABLE_STRICT_OBJC_MSGSEND = YES;
				GCC_C_LANGUAGE_STANDARD = gnu17;
				GCC_NO_COMMON_BLOCKS = YES;
				GCC_WARN_64_TO_32_BIT_CONVERSION = YES;
				GCC_WARN_ABOUT_RETURN_TYPE = YES_ERROR;
				GCC_WARN_UNDECLARED_SELECTOR = YES;
				GCC_WARN_UNINITIALIZED_AUTOS = YES_AGGRESSIVE;
				GCC_WARN_UNUSED_FUNCTION = YES;
				GCC_WARN_UNUSED_VARIABLE = YES;
				IPHONEOS_DEPLOYMENT_TARGET = 17.0;
				LOCALIZATION_PREFERS_STRING_CATALOGS = YES;
				MTL_FAST_MATH = YES;
				SDKROOT = iphoneos;
				SWIFT_VERSION = 5.0;
				DEBUG_INFORMATION_FORMAT = "dwarf-with-dsym";
				ENABLE_NS_ASSERTIONS = NO;
				MTL_ENABLE_DEBUG_INFO = NO;
				SWIFT_COMPILATION_MODE = wholemodule;
				VALIDATE_PRODUCT = YES;
			};
			name = Release;
		};
		989E76A6E3D459B163A3B3E5 /* Debug */ = {
			isa = XCBuildConfiguration;
			buildSettings = {
				CODE_SIGN_STYLE = Automatic;
				CURRENT_PROJECT_VERSION = 1;
				ENABLE_PREVIEWS = YES;
				GENERATE_INFOPLIST_FILE = YES;
				INFOPLIST_KEY_CFBundleDisplayName = TAPVERSE;
				INFOPLIST_KEY_LSApplicationCategoryType = "public.app-category.games";
				INFOPLIST_KEY_UIApplicationSceneManifest_Generation = YES;
				INFOPLIST_KEY_UIApplicationSupportsIndirectInputEvents = YES;
				INFOPLIST_KEY_UILaunchScreen_Generation = YES;
				INFOPLIST_KEY_UISupportedInterfaceOrientations_iPhone = UIInterfaceOrientationPortrait;
				LD_RUNPATH_SEARCH_PATHS = (
					"$(inherited)",
					"@executable_path/Frameworks",
				);
				MARKETING_VERSION = 1.0;
				PRODUCT_BUNDLE_IDENTIFIER = com.example.tapverse;
				PRODUCT_NAME = "$(TARGET_NAME)";
				SUPPORTED_PLATFORMS = "iphoneos iphonesimulator";
				SWIFT_EMIT_LOC_STRINGS = YES;
				TARGETED_DEVICE_FAMILY = 1;
				SWIFT_OPTIMIZATION_LEVEL = "-Onone";
			};
			name = Debug;
		};
		1A927C84DB41E6F3C3070F30 /* Release */ = {
			isa = XCBuildConfiguration;
			buildSettings = {
				CODE_SIGN_STYLE = Automatic;
				CURRENT_PROJECT_VERSION = 1;
				ENABLE_PREVIEWS = YES;
				GENERATE_INFOPLIST_FILE = YES;
				INFOPLIST_KEY_CFBundleDisplayName = TAPVERSE;
				INFOPLIST_KEY_LSApplicationCategoryType = "public.app-category.games";
				INFOPLIST_KEY_UIApplicationSceneManifest_Generation = YES;
				INFOPLIST_KEY_UIApplicationSupportsIndirectInputEvents = YES;
				INFOPLIST_KEY_UILaunchScreen_Generation = YES;
				INFOPLIST_KEY_UISupportedInterfaceOrientations_iPhone = UIInterfaceOrientationPortrait;
				LD_RUNPATH_SEARCH_PATHS = (
					"$(inherited)",
					"@executable_path/Frameworks",
				);
				MARKETING_VERSION = 1.0;
				PRODUCT_BUNDLE_IDENTIFIER = com.example.tapverse;
				PRODUCT_NAME = "$(TARGET_NAME)";
				SUPPORTED_PLATFORMS = "iphoneos iphonesimulator";
				SWIFT_EMIT_LOC_STRINGS = YES;
				TARGETED_DEVICE_FAMILY = 1;
			};
			name = Release;
		};
/* End XCBuildConfiguration section */

/* Begin XCConfigurationList section */
		B71CECF99D32F8E811761269 /* Build configuration list for PBXProject "TapVerse" */ = {
			isa = XCConfigurationList;
			buildConfigurations = (
				CEC25DBC9F463CC1CC34CC84 /* Debug */,
				8456983ABBF079E76AB41CC8 /* Release */,
			);
			defaultConfigurationIsVisible = 0;
			defaultConfigurationName = Release;
		};
		DBC1F132A3B6D94B1DF33607 /* Build configuration list for PBXNativeTarget "TapVerse" */ = {
			isa = XCConfigurationList;
			buildConfigurations = (
				989E76A6E3D459B163A3B3E5 /* Debug */,
				1A927C84DB41E6F3C3070F30 /* Release */,
			);
			defaultConfigurationIsVisible = 0;
			defaultConfigurationName = Release;
		};
/* End XCConfigurationList section */
	};
	rootObject = 98F54143AB4E86B28C3AFEE0 /* Project object */;
}